{
  "name": "@cjp-cli-dev/init",
  "version": "1.3.0",
  "lockfileVersion": 2,
  "requires": true,
  "packages": {
    "": {
      "name": "@cjp-cli-dev/init",
      "version": "1.3.0",
      "license": "ISC",
      "dependencies": {
        "@cjp-cli-dev/command": "file:../../models/command",
        "@cjp-cli-dev/log": "file:../../utils/log",
        "@cjp-cli-dev/package": "file:../../models/package",
        "@cjp-cli-dev/request": "file:../../utils/request",
        "@cjp-cli-dev/utils": "file:../../utils/utils",
        "kebab-case": "^1.0.2",
        "validate-npm-package-name": "^5.0.1"
      }
    },
    "../../models/command": {
      "name": "@cjp-cli-dev/command",
      "version": "1.3.0",
      "license": "ISC",
      "dependencies": {
        "@cjp-cli-dev/log": "file:../../utils/log",
        "@cjp-cli-dev/utils": "file:../../utils/utils",
        "colors": "^1.4.0"
      }
    },
    "../../models/package": {
      "name": "@cjp-cli-dev/package",
      "version": "1.3.0",
      "license": "ISC",
      "dependencies": {
        "@cjp-cli-dev/format-path": "file:../../utils/format-path",
        "@cjp-cli-dev/get-npm-info": "file:../../utils/get-npm-info",
        "@cjp-cli-dev/log": "file:../../utils/log",
        "@cjp-cli-dev/utils": "file:../../utils/utils",
        "npminstall": "^7.12.0",
        "pkg-dir": "^5.0.0"
      }
    },
    "../../utils/log": {
      "name": "@cjp-cli-dev/log",
      "version": "1.0.7",
      "license": "ISC",
      "dependencies": {
        "npmlog": "^7.0.1"
      }
    },
    "../../utils/request": {
      "name": "@cjp-cli-dev/request",
      "version": "1.0.6",
      "license": "ISC",
      "dependencies": {
        "axios": "^1.7.7"
      }
    },
    "../../utils/utils": {
      "name": "@cjp-cli-dev/utils",
      "version": "1.3.0",
      "license": "ISC",
      "dependencies": {
        "cli-spinner": "^0.2.10",
        "colors": "^1.4.0",
        "cross-spawn": "^7.0.3",
        "ejs": "^3.1.10",
        "fs-extra": "^11.2.0",
        "glob": "^10.4.5",
        "inquirer": "^8.2.4",
        "path-exists": "^4.0.0",
        "semver": "^7.6.3",
        "simple-git": "^3.27.0"
      }
    },
    "node_modules/@cjp-cli-dev/command": {
      "resolved": "../../models/command",
      "link": true
    },
    "node_modules/@cjp-cli-dev/log": {
      "resolved": "../../utils/log",
      "link": true
    },
    "node_modules/@cjp-cli-dev/package": {
      "resolved": "../../models/package",
      "link": true
    },
    "node_modules/@cjp-cli-dev/request": {
      "resolved": "../../utils/request",
      "link": true
    },
    "node_modules/@cjp-cli-dev/utils": {
      "resolved": "../../utils/utils",
      "link": true
    },
    "node_modules/kebab-case": {
      "version": "1.0.2",
      "resolved": "https://registry.npmmirror.com/kebab-case/-/kebab-case-1.0.2.tgz",
      "integrity": "sha512-7n6wXq4gNgBELfDCpzKc+mRrZFs7D+wgfF5WRFLNAr4DA/qtr9Js8uOAVAfHhuLMfAcQ0pRKqbpjx+TcJVdE1Q=="
    },
    "node_modules/validate-npm-package-name": {
      "version": "5.0.1",
      "resolved": "https://registry.npmmirror.com/validate-npm-package-name/-/validate-npm-package-name-5.0.1.tgz",
      "integrity": "sha512-OljLrQ9SQdOUqTaQxqL5dEfZWrXExyyWsozYlAWFawPVNuD83igl7uJD2RTkNMbniIYgt8l81eCJGIdQF7avLQ==",
      "engines": {
        "node": "^14.17.0 || ^16.13.0 || >=18.0.0"
      }
    }
  },
  "dependencies": {
    "@cjp-cli-dev/command": {
      "version": "file:../../models/command",
      "requires": {
        "@cjp-cli-dev/log": "file:../../utils/log",
        "@cjp-cli-dev/utils": "file:../../utils/utils",
        "colors": "^1.4.0"
      }
    },
    "@cjp-cli-dev/log": {
      "version": "file:../../utils/log",
      "requires": {
        "npmlog": "^7.0.1"
      }
    },
    "@cjp-cli-dev/package": {
      "version": "file:../../models/package",
      "requires": {
        "@cjp-cli-dev/format-path": "file:../../utils/format-path",
        "@cjp-cli-dev/get-npm-info": "file:../../utils/get-npm-info",
        "@cjp-cli-dev/log": "file:../../utils/log",
        "@cjp-cli-dev/utils": "file:../../utils/utils",
        "npminstall": "^7.12.0",
        "pkg-dir": "^5.0.0"
      }
    },
    "@cjp-cli-dev/request": {
      "version": "file:../../utils/request",
      "requires": {
        "axios": "^1.7.7"
      }
    },
    "@cjp-cli-dev/utils": {
      "version": "file:../../utils/utils",
      "requires": {
        "cli-spinner": "^0.2.10",
        "colors": "^1.4.0",
        "cross-spawn": "^7.0.3",
        "ejs": "^3.1.10",
        "fs-extra": "^11.2.0",
        "glob": "^10.4.5",
        "inquirer": "^8.2.4",
        "path-exists": "^4.0.0",
        "semver": "^7.6.3",
        "simple-git": "^3.27.0"
      }
    },
    "kebab-case": {
      "version": "1.0.2",
      "resolved": "https://registry.npmmirror.com/kebab-case/-/kebab-case-1.0.2.tgz",
      "integrity": "sha512-7n6wXq4gNgBELfDCpzKc+mRrZFs7D+wgfF5WRFLNAr4DA/qtr9Js8uOAVAfHhuLMfAcQ0pRKqbpjx+TcJVdE1Q=="
    },
    "validate-npm-package-name": {
      "version": "5.0.1",
      "resolved": "https://registry.npmmirror.com/validate-npm-package-name/-/validate-npm-package-name-5.0.1.tgz",
      "integrity": "sha512-OljLrQ9SQdOUqTaQxqL5dEfZWrXExyyWsozYlAWFawPVNuD83igl7uJD2RTkNMbniIYgt8l81eCJGIdQF7avLQ=="
    }
  }
}
